
Microsoft Visual Studio Solution File, Format Version 12.00
# Visual Studio Version 17
VisualStudioVersion = 17.5.33502.453
MinimumVisualStudioVersion = 10.0.40219.1
Project("{FAE04EC0-301F-11D3-BF4B-00C04F79EFBC}") = "OgrenciNotSistemi", "OgrenciNotSistemi\OgrenciNotSistemi.csproj", "{DE31785C-C74A-4DA1-824B-756610951BF8}"
EndProject
Global
	GlobalSection(SolutionConfigurationPlatforms) = preSolution
		Debug|Any CPU = Debug|Any CPU
		Release|Any CPU = Release|Any CPU
	EndGlobalSection
	GlobalSection(ProjectConfigurationPlatforms) = postSolution
		{DE31785C-C74A-4DA1-824B-756610951BF8}.Debug|Any CPU.ActiveCfg = Debug|Any CPU
		{DE31785C-C74A-4DA1-824B-756610951BF8}.Debug|Any CPU.Build.0 = Debug|Any CPU
		{DE31785C-C74A-4DA1-824B-756610951BF8}.Release|Any CPU.ActiveCfg = Release|Any CPU
		{DE31785C-C74A-4DA1-824B-756610951BF8}.Release|Any CPU.Build.0 = Release|Any CPU
	EndGlobalSection
	GlobalSection(SolutionProperties) = preSolution
		HideSolutionNode = FALSE
	EndGlobalSection
	GlobalSection(ExtensibilityGlobals) = postSolution
		SolutionGuid = {5C48ADF9-6841-4B83-BBD8-177F9DF9B4B3}
	EndGlobalSection
EndGlobal
